
Microsoft Visual Studio Solution File, Format Version 12.00
# Visual Studio Version 17
VisualStudioVersion = 17.4.33205.214
MinimumVisualStudioVersion = 10.0.40219.1
Project("{FAE04EC0-301F-11D3-BF4B-00C04F79EFBC}") = "Sokoban", "Sokoban\Sokoban.csproj", "{7963D317-FFCF-424B-8D21-C81A2520E2FC}"
EndProject
Global
	GlobalSection(SolutionConfigurationPlatforms) = preSolution
		Debug|Any CPU = Debug|Any CPU
		Release|Any CPU = Release|Any CPU
	EndGlobalSection
	GlobalSection(ProjectConfigurationPlatforms) = postSolution
		{7963D317-FFCF-424B-8D21-C81A2520E2FC}.Debug|Any CPU.ActiveCfg = Debug|Any CPU
		{7963D317-FFCF-424B-8D21-C81A2520E2FC}.Debug|Any CPU.Build.0 = Debug|Any CPU
		{7963D317-FFCF-424B-8D21-C81A2520E2FC}.Release|Any CPU.ActiveCfg = Release|Any CPU
		{7963D317-FFCF-424B-8D21-C81A2520E2FC}.Release|Any CPU.Build.0 = Release|Any CPU
	EndGlobalSection
	GlobalSection(SolutionProperties) = preSolution
		HideSolutionNode = FALSE
	EndGlobalSection
	GlobalSection(ExtensibilityGlobals) = postSolution
		SolutionGuid = {5F37EE9A-59FD-4EFD-8135-45D91D79AFCF}
	EndGlobalSection
EndGlobal
